
Microsoft Visual Studio Solution File, Format Version 12.00
# Visual Studio Version 17
VisualStudioVersion = 17.5.33530.505
MinimumVisualStudioVersion = 10.0.40219.1
Project("{FAE04EC0-301F-11D3-BF4B-00C04F79EFBC}") = "FreelancePlatform", "FreelancePlatform.csproj", "{60BF680F-F4B2-48CD-A86C-B792D21079BC}"
EndProject
Project("{FAE04EC0-301F-11D3-BF4B-00C04F79EFBC}") = "FreelanceServer", "..\FreelanceServer\FreelanceServer\FreelanceServer.csproj", "{6E3701F5-9847-4F00-BBE8-CFC8EF799E06}"
EndProject
Project("{FAE04EC0-301F-11D3-BF4B-00C04F79EFBC}") = "FreelanceServerUpdated", "..\FreelanceServerUpdated\FreelanceServerUpdated.csproj", "{B8286511-EAC8-4F82-B209-7B7CD6F6CB22}"
EndProject
Global
	GlobalSection(SolutionConfigurationPlatforms) = preSolution
		Debug|Any CPU = Debug|Any CPU
		Release|Any CPU = Release|Any CPU
	EndGlobalSection
	GlobalSection(ProjectConfigurationPlatforms) = postSolution
		{60BF680F-F4B2-48CD-A86C-B792D21079BC}.Debug|Any CPU.ActiveCfg = Debug|Any CPU
		{60BF680F-F4B2-48CD-A86C-B792D21079BC}.Debug|Any CPU.Build.0 = Debug|Any CPU
		{60BF680F-F4B2-48CD-A86C-B792D21079BC}.Release|Any CPU.ActiveCfg = Release|Any CPU
		{60BF680F-F4B2-48CD-A86C-B792D21079BC}.Release|Any CPU.Build.0 = Release|Any CPU
		{6E3701F5-9847-4F00-BBE8-CFC8EF799E06}.Debug|Any CPU.ActiveCfg = Debug|Any CPU
		{6E3701F5-9847-4F00-BBE8-CFC8EF799E06}.Debug|Any CPU.Build.0 = Debug|Any CPU
		{6E3701F5-9847-4F00-BBE8-CFC8EF799E06}.Release|Any CPU.ActiveCfg = Release|Any CPU
		{6E3701F5-9847-4F00-BBE8-CFC8EF799E06}.Release|Any CPU.Build.0 = Release|Any CPU
		{B8286511-EAC8-4F82-B209-7B7CD6F6CB22}.Debug|Any CPU.ActiveCfg = Debug|Any CPU
		{B8286511-EAC8-4F82-B209-7B7CD6F6CB22}.Debug|Any CPU.Build.0 = Debug|Any CPU
		{B8286511-EAC8-4F82-B209-7B7CD6F6CB22}.Release|Any CPU.ActiveCfg = Release|Any CPU
		{B8286511-EAC8-4F82-B209-7B7CD6F6CB22}.Release|Any CPU.Build.0 = Release|Any CPU
	EndGlobalSection
	GlobalSection(SolutionProperties) = preSolution
		HideSolutionNode = FALSE
	EndGlobalSection
	GlobalSection(ExtensibilityGlobals) = postSolution
		SolutionGuid = {EE5966B9-6357-469D-9971-5FAF1E9CB695}
	EndGlobalSection
EndGlobal
